// !$*UTF8*$!
{
	archiveVersion = 1;
	classes = {
	};
	objectVersion = 46;
	objects = {

/* Begin PBXBuildFile section */
		350B0144200646FB00F93EAF /* ConfigViewController.m in Sources */ = {isa = PBXBuildFile; fileRef = 350B0143200646FB00F93EAF /* ConfigViewController.m */; };
		350B01472006490D00F93EAF /* ConfigTableViewCell.m in Sources */ = {isa = PBXBuildFile; fileRef = 350B01462006490D00F93EAF /* ConfigTableViewCell.m */; };
		350B014A20064BC500F93EAF /* ConfigEntry.m in Sources */ = {isa = PBXBuildFile; fileRef = 350B014920064BC500F93EAF /* ConfigEntry.m */; };
		3537C65B1FE6AC4900F377B4 /* TopicListViewController.m in Sources */ = {isa = PBXBuildFile; fileRef = 3537C65A1FE6AC4900F377B4 /* TopicListViewController.m */; };
		3537C65E1FE6B31200F377B4 /* TopicTableViewCell.m in Sources */ = {isa = PBXBuildFile; fileRef = 3537C65D1FE6B31200F377B4 /* TopicTableViewCell.m */; };
		3537C6611FE7F25700F377B4 /* TopicEntry.m in Sources */ = {isa = PBXBuildFile; fileRef = 3537C6601FE7F25700F377B4 /* TopicEntry.m */; };
		356B0FDE200CEA79009C54D3 /* my_favorite_bg.png in Resources */ = {isa = PBXBuildFile; fileRef = 356B0FD9200CEA79009C54D3 /* my_favorite_bg.png */; };
		356B0FDF200CEA79009C54D3 /* my_page_btn_bg.png in Resources */ = {isa = PBXBuildFile; fileRef = 356B0FDA200CEA79009C54D3 /* my_page_btn_bg.png */; };
		356B0FE0200CEA79009C54D3 /* my_setting_bg.png in Resources */ = {isa = PBXBuildFile; fileRef = 356B0FDB200CEA79009C54D3 /* my_setting_bg.png */; };
		356B0FE1200CEA79009C54D3 /* my_credits_bg.png in Resources */ = {isa = PBXBuildFile; fileRef = 356B0FDC200CEA79009C54D3 /* my_credits_bg.png */; };
		356B0FE2200CEA79009C54D3 /* school_forum_icon.png in Resources */ = {isa = PBXBuildFile; fileRef = 356B0FDD200CEA79009C54D3 /* school_forum_icon.png */; };
		356B0FE92016261A009C54D3 /* MessageEntry.m in Sources */ = {isa = PBXBuildFile; fileRef = 356B0FE82016261A009C54D3 /* MessageEntry.m */; };
		356B0FEC201A0E52009C54D3 /* MessageTableViewCell.m in Sources */ = {isa = PBXBuildFile; fileRef = 356B0FEB201A0E52009C54D3 /* MessageTableViewCell.m */; };
		356B0FF7201A11DA009C54D3 /* MessageBubbleInBgHL@2x.png in Resources */ = {isa = PBXBuildFile; fileRef = 356B0FED201A11D9009C54D3 /* MessageBubbleInBgHL@2x.png */; };
		356B0FF8201A11DA009C54D3 /* MessageVoiceOutPlayFrame03.png in Resources */ = {isa = PBXBuildFile; fileRef = 356B0FEE201A11D9009C54D3 /* MessageVoiceOutPlayFrame03.png */; };
		356B0FF9201A11DA009C54D3 /* MessageBubbleOutBgHL@2x.png in Resources */ = {isa = PBXBuildFile; fileRef = 356B0FEF201A11DA009C54D3 /* MessageBubbleOutBgHL@2x.png */; };
		356B0FFA201A11DA009C54D3 /* MessageVoiceInPlayFrame03.png in Resources */ = {isa = PBXBuildFile; fileRef = 356B0FF0201A11DA009C54D3 /* MessageVoiceInPlayFrame03.png */; };
		356B0FFB201A11DA009C54D3 /* MessageVoiceOutPlayFrame01.png in Resources */ = {isa = PBXBuildFile; fileRef = 356B0FF1201A11DA009C54D3 /* MessageVoiceOutPlayFrame01.png */; };
		356B0FFC201A11DA009C54D3 /* MessageVoiceInPlayFrame02.png in Resources */ = {isa = PBXBuildFile; fileRef = 356B0FF2201A11DA009C54D3 /* MessageVoiceInPlayFrame02.png */; };
		356B0FFD201A11DA009C54D3 /* MessageVoiceOutPlayFrame02.png in Resources */ = {isa = PBXBuildFile; fileRef = 356B0FF3201A11DA009C54D3 /* MessageVoiceOutPlayFrame02.png */; };
		356B0FFE201A11DA009C54D3 /* MessageBubbleOutBg@2x.png in Resources */ = {isa = PBXBuildFile; fileRef = 356B0FF4201A11DA009C54D3 /* MessageBubbleOutBg@2x.png */; };
		356B0FFF201A11DA009C54D3 /* MessageVoiceInPlayFrame01.png in Resources */ = {isa = PBXBuildFile; fileRef = 356B0FF5201A11DA009C54D3 /* MessageVoiceInPlayFrame01.png */; };
		356B1000201A11DA009C54D3 /* MessageBubbleInBg@2x.png in Resources */ = {isa = PBXBuildFile; fileRef = 356B0FF6201A11DA009C54D3 /* MessageBubbleInBg@2x.png */; };
		356B1004201A15B4009C54D3 /* Avatar_default_small@2x.png in Resources */ = {isa = PBXBuildFile; fileRef = 356B1001201A15B3009C54D3 /* Avatar_default_small@2x.png */; };
		356B1005201A15B4009C54D3 /* Avatar_group_small@2x.png in Resources */ = {isa = PBXBuildFile; fileRef = 356B1002201A15B3009C54D3 /* Avatar_group_small@2x.png */; };
		356B1006201A15B4009C54D3 /* Avatar_default_medium@2x.png in Resources */ = {isa = PBXBuildFile; fileRef = 356B1003201A15B4009C54D3 /* Avatar_default_medium@2x.png */; };
		356B1009201A1689009C54D3 /* MessageViewController.m in Sources */ = {isa = PBXBuildFile; fileRef = 356B1008201A1689009C54D3 /* MessageViewController.m */; };
		356C8BCB1F2CC0CB00F11435 /* Toolkit.m in Sources */ = {isa = PBXBuildFile; fileRef = 356C8BCA1F2CC0CB00F11435 /* Toolkit.m */; };
		358AA38E20B42D16001E23A0 /* libsqlite3.tbd in Frameworks */ = {isa = PBXBuildFile; fileRef = 358AA38D20B42D16001E23A0 /* libsqlite3.tbd */; };
		358AA39C20B42DC5001E23A0 /* FMDatabase.m in Sources */ = {isa = PBXBuildFile; fileRef = 358AA39120B42DC4001E23A0 /* FMDatabase.m */; };
		358AA39D20B42DC5001E23A0 /* FMDatabaseAdditions.m in Sources */ = {isa = PBXBuildFile; fileRef = 358AA39320B42DC4001E23A0 /* FMDatabaseAdditions.m */; };
		358AA39E20B42DC5001E23A0 /* FMDatabasePool.m in Sources */ = {isa = PBXBuildFile; fileRef = 358AA39520B42DC4001E23A0 /* FMDatabasePool.m */; };
		358AA39F20B42DC5001E23A0 /* FMDatabaseQueue.m in Sources */ = {isa = PBXBuildFile; fileRef = 358AA39720B42DC4001E23A0 /* FMDatabaseQueue.m */; };
		358AA3A020B42DC5001E23A0 /* FMResultSet.m in Sources */ = {isa = PBXBuildFile; fileRef = 358AA39A20B42DC4001E23A0 /* FMResultSet.m */; };
		358AA3A120B42DC5001E23A0 /* Info.plist in Resources */ = {isa = PBXBuildFile; fileRef = 358AA39B20B42DC4001E23A0 /* Info.plist */; };
		3590F2A11B819E0400C511AF /* main.m in Sources */ = {isa = PBXBuildFile; fileRef = 3590F2A01B819E0400C511AF /* main.m */; };
		3590F2A41B819E0400C511AF /* AppDelegate.m in Sources */ = {isa = PBXBuildFile; fileRef = 3590F2A31B819E0400C511AF /* AppDelegate.m */; };
		3590F2AC1B819E0400C511AF /* Images.xcassets in Resources */ = {isa = PBXBuildFile; fileRef = 3590F2AB1B819E0400C511AF /* Images.xcassets */; };
		3590F2AF1B819E0400C511AF /* LaunchScreen.xib in Resources */ = {isa = PBXBuildFile; fileRef = 3590F2AD1B819E0400C511AF /* LaunchScreen.xib */; };
		3590F2BB1B819E0400C511AF /* IosStudy01Tests.m in Sources */ = {isa = PBXBuildFile; fileRef = 3590F2BA1B819E0400C511AF /* IosStudy01Tests.m */; };
		35ACC5601FE24EF500470EAE /* ContactEntry.m in Sources */ = {isa = PBXBuildFile; fileRef = 35ACC5551FE24EF500470EAE /* ContactEntry.m */; };
		35ACC5611FE24EF500470EAE /* ContactViewController.m in Sources */ = {isa = PBXBuildFile; fileRef = 35ACC5571FE24EF500470EAE /* ContactViewController.m */; };
		35ACC5621FE24EF500470EAE /* LoginViewController.m in Sources */ = {isa = PBXBuildFile; fileRef = 35ACC5591FE24EF500470EAE /* LoginViewController.m */; };
		35ACC5631FE24EF500470EAE /* MyTabBarController.m in Sources */ = {isa = PBXBuildFile; fileRef = 35ACC55B1FE24EF500470EAE /* MyTabBarController.m */; };
		35ACC5641FE24EF500470EAE /* ContactTableViewCell.m in Sources */ = {isa = PBXBuildFile; fileRef = 35ACC55D1FE24EF500470EAE /* ContactTableViewCell.m */; };
		35ACC56E1FE24F1000470EAE /* tab_message@2x.png in Resources */ = {isa = PBXBuildFile; fileRef = 35ACC5671FE24F1000470EAE /* tab_message@2x.png */; };
		35ACC56F1FE24F1000470EAE /* tab_message@3x.png in Resources */ = {isa = PBXBuildFile; fileRef = 35ACC5681FE24F1000470EAE /* tab_message@3x.png */; };
		35ACC5701FE24F1000470EAE /* tab_message_hl_teacher@2x.png in Resources */ = {isa = PBXBuildFile; fileRef = 35ACC5691FE24F1000470EAE /* tab_message_hl_teacher@2x.png */; };
		35ACC5711FE24F1000470EAE /* tab_message_hl_teacher@3x.png in Resources */ = {isa = PBXBuildFile; fileRef = 35ACC56A1FE24F1000470EAE /* tab_message_hl_teacher@3x.png */; };
		35ACC5721FE24F1000470EAE /* title_btn_confirm_normal.png in Resources */ = {isa = PBXBuildFile; fileRef = 35ACC56B1FE24F1000470EAE /* title_btn_confirm_normal.png */; };
		35ACC5731FE24F1000470EAE /* title_btn_confirm_pressed.png in Resources */ = {isa = PBXBuildFile; fileRef = 35ACC56C1FE24F1000470EAE /* title_btn_confirm_pressed.png */; };
		35ACC5741FE24F1000470EAE /* title_btn_confirm_pressed@3x.png in Resources */ = {isa = PBXBuildFile; fileRef = 35ACC56D1FE24F1000470EAE /* title_btn_confirm_pressed@3x.png */; };
		35ACC5771FE24F1F00470EAE /* Masonry.framework in Frameworks */ = {isa = PBXBuildFile; fileRef = 35ACC5761FE24F1F00470EAE /* Masonry.framework */; };
		35ACC5791FE24F6F00470EAE /* avatar_default_big.jpg in Resources */ = {isa = PBXBuildFile; fileRef = 35ACC5781FE24F6E00470EAE /* avatar_default_big.jpg */; };
		35ACC57D1FE2551500470EAE /* UIImage+MISColor.m in Sources */ = {isa = PBXBuildFile; fileRef = 35ACC57C1FE2551500470EAE /* UIImage+MISColor.m */; };
		35B37D5A1FE8D6860031ADCA /* MISTableViewCell.m in Sources */ = {isa = PBXBuildFile; fileRef = 35B37D591FE8D6860031ADCA /* MISTableViewCell.m */; };
		35B940F420B01D3C00A9A81F /* CustomView.m in Sources */ = {isa = PBXBuildFile; fileRef = 35B940F320B01D3C00A9A81F /* CustomView.m */; };
		35B940F720B01D6200A9A81F /* DrawerViewController.m in Sources */ = {isa = PBXBuildFile; fileRef = 35B940F520B01D6200A9A81F /* DrawerViewController.m */; };
		35BB7F592093FFAD00C1070F /* ThreadController.m in Sources */ = {isa = PBXBuildFile; fileRef = 35BB7F582093FFAD00C1070F /* ThreadController.m */; };
/* End PBXBuildFile section */

/* Begin PBXContainerItemProxy section */
		3590F2B51B819E0400C511AF /* PBXContainerItemProxy */ = {
			isa = PBXContainerItemProxy;
			containerPortal = 3590F2931B819E0400C511AF /* Project object */;
			proxyType = 1;
			remoteGlobalIDString = 3590F29A1B819E0400C511AF;
			remoteInfo = IosStudy01;
		};
/* End PBXContainerItemProxy section */

/* Begin PBXFileReference section */
		350B0142200646FB00F93EAF /* ConfigViewController.h */ = {isa = PBXFileReference; lastKnownFileType = sourcecode.c.h; path = ConfigViewController.h; sourceTree = "<group>"; };
		350B0143200646FB00F93EAF /* ConfigViewController.m */ = {isa = PBXFileReference; lastKnownFileType = sourcecode.c.objc; path = ConfigViewController.m; sourceTree = "<group>"; };
		350B01452006490D00F93EAF /* ConfigTableViewCell.h */ = {isa = PBXFileReference; lastKnownFileType = sourcecode.c.h; path = ConfigTableViewCell.h; sourceTree = "<group>"; };
		350B01462006490D00F93EAF /* ConfigTableViewCell.m */ = {isa = PBXFileReference; lastKnownFileType = sourcecode.c.objc; path = ConfigTableViewCell.m; sourceTree = "<group>"; };
		350B014820064BC500F93EAF /* ConfigEntry.h */ = {isa = PBXFileReference; lastKnownFileType = sourcecode.c.h; path = ConfigEntry.h; sourceTree = "<group>"; };
		350B014920064BC500F93EAF /* ConfigEntry.m */ = {isa = PBXFileReference; lastKnownFileType = sourcecode.c.objc; path = ConfigEntry.m; sourceTree = "<group>"; };
		3537C6591FE6AC4900F377B4 /* TopicListViewController.h */ = {isa = PBXFileReference; lastKnownFileType = sourcecode.c.h; path = TopicListViewController.h; sourceTree = "<group>"; };
		3537C65A1FE6AC4900F377B4 /* TopicListViewController.m */ = {isa = PBXFileReference; lastKnownFileType = sourcecode.c.objc; path = TopicListViewController.m; sourceTree = "<group>"; };
		3537C65C1FE6B31200F377B4 /* TopicTableViewCell.h */ = {isa = PBXFileReference; lastKnownFileType = sourcecode.c.h; path = TopicTableViewCell.h; sourceTree = "<group>"; };
		3537C65D1FE6B31200F377B4 /* TopicTableViewCell.m */ = {isa = PBXFileReference; lastKnownFileType = sourcecode.c.objc; path = TopicTableViewCell.m; sourceTree = "<group>"; };
		3537C65F1FE7F25700F377B4 /* TopicEntry.h */ = {isa = PBXFileReference; lastKnownFileType = sourcecode.c.h; path = TopicEntry.h; sourceTree = "<group>"; };
		3537C6601FE7F25700F377B4 /* TopicEntry.m */ = {isa = PBXFileReference; lastKnownFileType = sourcecode.c.objc; path = TopicEntry.m; sourceTree = "<group>"; };
		356B0FD9200CEA79009C54D3 /* my_favorite_bg.png */ = {isa = PBXFileReference; lastKnownFileType = image.png; path = my_favorite_bg.png; sourceTree = "<group>"; };
		356B0FDA200CEA79009C54D3 /* my_page_btn_bg.png */ = {isa = PBXFileReference; lastKnownFileType = image.png; path = my_page_btn_bg.png; sourceTree = "<group>"; };
		356B0FDB200CEA79009C54D3 /* my_setting_bg.png */ = {isa = PBXFileReference; lastKnownFileType = image.png; path = my_setting_bg.png; sourceTree = "<group>"; };
		356B0FDC200CEA79009C54D3 /* my_credits_bg.png */ = {isa = PBXFileReference; lastKnownFileType = image.png; path = my_credits_bg.png; sourceTree = "<group>"; };
		356B0FDD200CEA79009C54D3 /* school_forum_icon.png */ = {isa = PBXFileReference; lastKnownFileType = image.png; path = school_forum_icon.png; sourceTree = "<group>"; };
		356B0FE72016261A009C54D3 /* MessageEntry.h */ = {isa = PBXFileReference; lastKnownFileType = sourcecode.c.h; path = MessageEntry.h; sourceTree = "<group>"; };
		356B0FE82016261A009C54D3 /* MessageEntry.m */ = {isa = PBXFileReference; lastKnownFileType = sourcecode.c.objc; path = MessageEntry.m; sourceTree = "<group>"; };
		356B0FEA201A0E52009C54D3 /* MessageTableViewCell.h */ = {isa = PBXFileReference; lastKnownFileType = sourcecode.c.h; path = MessageTableViewCell.h; sourceTree = "<group>"; };
		356B0FEB201A0E52009C54D3 /* MessageTableViewCell.m */ = {isa = PBXFileReference; lastKnownFileType = sourcecode.c.objc; path = MessageTableViewCell.m; sourceTree = "<group>"; };
		356B0FED201A11D9009C54D3 /* MessageBubbleInBgHL@2x.png */ = {isa = PBXFileReference; lastKnownFileType = image.png; path = "MessageBubbleInBgHL@2x.png"; sourceTree = "<group>"; };
		356B0FEE201A11D9009C54D3 /* MessageVoiceOutPlayFrame03.png */ = {isa = PBXFileReference; lastKnownFileType = image.png; path = MessageVoiceOutPlayFrame03.png; sourceTree = "<group>"; };
		356B0FEF201A11DA009C54D3 /* MessageBubbleOutBgHL@2x.png */ = {isa = PBXFileReference; lastKnownFileType = image.png; path = "MessageBubbleOutBgHL@2x.png"; sourceTree = "<group>"; };
		356B0FF0201A11DA009C54D3 /* MessageVoiceInPlayFrame03.png */ = {isa = PBXFileReference; lastKnownFileType = image.png; path = MessageVoiceInPlayFrame03.png; sourceTree = "<group>"; };
		356B0FF1201A11DA009C54D3 /* MessageVoiceOutPlayFrame01.png */ = {isa = PBXFileReference; lastKnownFileType = image.png; path = MessageVoiceOutPlayFrame01.png; sourceTree = "<group>"; };
		356B0FF2201A11DA009C54D3 /* MessageVoiceInPlayFrame02.png */ = {isa = PBXFileReference; lastKnownFileType = image.png; path = MessageVoiceInPlayFrame02.png; sourceTree = "<group>"; };
		356B0FF3201A11DA009C54D3 /* MessageVoiceOutPlayFrame02.png */ = {isa = PBXFileReference; lastKnownFileType = image.png; path = MessageVoiceOutPlayFrame02.png; sourceTree = "<group>"; };
		356B0FF4201A11DA009C54D3 /* MessageBubbleOutBg@2x.png */ = {isa = PBXFileReference; lastKnownFileType = image.png; path = "MessageBubbleOutBg@2x.png"; sourceTree = "<group>"; };
		356B0FF5201A11DA009C54D3 /* MessageVoiceInPlayFrame01.png */ = {isa = PBXFileReference; lastKnownFileType = image.png; path = MessageVoiceInPlayFrame01.png; sourceTree = "<group>"; };
		356B0FF6201A11DA009C54D3 /* MessageBubbleInBg@2x.png */ = {isa = PBXFileReference; lastKnownFileType = image.png; path = "MessageBubbleInBg@2x.png"; sourceTree = "<group>"; };
		356B1001201A15B3009C54D3 /* Avatar_default_small@2x.png */ = {isa = PBXFileReference; lastKnownFileType = image.png; path = "Avatar_default_small@2x.png"; sourceTree = "<group>"; };
		356B1002201A15B3009C54D3 /* Avatar_group_small@2x.png */ = {isa = PBXFileReference; lastKnownFileType = image.png; path = "Avatar_group_small@2x.png"; sourceTree = "<group>"; };
		356B1003201A15B4009C54D3 /* Avatar_default_medium@2x.png */ = {isa = PBXFileReference; lastKnownFileType = image.png; path = "Avatar_default_medium@2x.png"; sourceTree = "<group>"; };
		356B1007201A1689009C54D3 /* MessageViewController.h */ = {isa = PBXFileReference; lastKnownFileType = sourcecode.c.h; path = MessageViewController.h; sourceTree = "<group>"; };
		356B1008201A1689009C54D3 /* MessageViewController.m */ = {isa = PBXFileReference; lastKnownFileType = sourcecode.c.objc; path = MessageViewController.m; sourceTree = "<group>"; };
		356C8BC91F2CC0CB00F11435 /* Toolkit.h */ = {isa = PBXFileReference; fileEncoding = 4; lastKnownFileType = sourcecode.c.h; path = Toolkit.h; sourceTree = "<group>"; };
		356C8BCA1F2CC0CB00F11435 /* Toolkit.m */ = {isa = PBXFileReference; fileEncoding = 4; lastKnownFileType = sourcecode.c.objc; path = Toolkit.m; sourceTree = "<group>"; };
		358AA38D20B42D16001E23A0 /* libsqlite3.tbd */ = {isa = PBXFileReference; lastKnownFileType = "sourcecode.text-based-dylib-definition"; name = libsqlite3.tbd; path = usr/lib/libsqlite3.tbd; sourceTree = SDKROOT; };
		358AA39020B42DC4001E23A0 /* FMDatabase.h */ = {isa = PBXFileReference; fileEncoding = 4; lastKnownFileType = sourcecode.c.h; path = FMDatabase.h; sourceTree = "<group>"; };
		358AA39120B42DC4001E23A0 /* FMDatabase.m */ = {isa = PBXFileReference; fileEncoding = 4; lastKnownFileType = sourcecode.c.objc; path = FMDatabase.m; sourceTree = "<group>"; };
		358AA39220B42DC4001E23A0 /* FMDatabaseAdditions.h */ = {isa = PBXFileReference; fileEncoding = 4; lastKnownFileType = sourcecode.c.h; path = FMDatabaseAdditions.h; sourceTree = "<group>"; };
		358AA39320B42DC4001E23A0 /* FMDatabaseAdditions.m */ = {isa = PBXFileReference; fileEncoding = 4; lastKnownFileType = sourcecode.c.objc; path = FMDatabaseAdditions.m; sourceTree = "<group>"; };
		358AA39420B42DC4001E23A0 /* FMDatabasePool.h */ = {isa = PBXFileReference; fileEncoding = 4; lastKnownFileType = sourcecode.c.h; path = FMDatabasePool.h; sourceTree = "<group>"; };
		358AA39520B42DC4001E23A0 /* FMDatabasePool.m */ = {isa = PBXFileReference; fileEncoding = 4; lastKnownFileType = sourcecode.c.objc; path = FMDatabasePool.m; sourceTree = "<group>"; };
		358AA39620B42DC4001E23A0 /* FMDatabaseQueue.h */ = {isa = PBXFileReference; fileEncoding = 4; lastKnownFileType = sourcecode.c.h; path = FMDatabaseQueue.h; sourceTree = "<group>"; };
		358AA39720B42DC4001E23A0 /* FMDatabaseQueue.m */ = {isa = PBXFileReference; fileEncoding = 4; lastKnownFileType = sourcecode.c.objc; path = FMDatabaseQueue.m; sourceTree = "<group>"; };
		358AA39820B42DC4001E23A0 /* FMDB.h */ = {isa = PBXFileReference; fileEncoding = 4; lastKnownFileType = sourcecode.c.h; path = FMDB.h; sourceTree = "<group>"; };
		358AA39920B42DC4001E23A0 /* FMResultSet.h */ = {isa = PBXFileReference; fileEncoding = 4; lastKnownFileType = sourcecode.c.h; path = FMResultSet.h; sourceTree = "<group>"; };
		358AA39A20B42DC4001E23A0 /* FMResultSet.m */ = {isa = PBXFileReference; fileEncoding = 4; lastKnownFileType = sourcecode.c.objc; path = FMResultSet.m; sourceTree = "<group>"; };
		358AA39B20B42DC4001E23A0 /* Info.plist */ = {isa = PBXFileReference; fileEncoding = 4; lastKnownFileType = text.plist.xml; path = Info.plist; sourceTree = "<group>"; };
		3590F29B1B819E0400C511AF /* IosStudy01.app */ = {isa = PBXFileReference; explicitFileType = wrapper.application; includeInIndex = 0; path = IosStudy01.app; sourceTree = BUILT_PRODUCTS_DIR; };
		3590F29F1B819E0400C511AF /* Info.plist */ = {isa = PBXFileReference; lastKnownFileType = text.plist.xml; path = Info.plist; sourceTree = "<group>"; };
		3590F2A01B819E0400C511AF /* main.m */ = {isa = PBXFileReference; lastKnownFileType = sourcecode.c.objc; path = main.m; sourceTree = "<group>"; };
		3590F2A21B819E0400C511AF /* AppDelegate.h */ = {isa = PBXFileReference; lastKnownFileType = sourcecode.c.h; path = AppDelegate.h; sourceTree = "<group>"; };
		3590F2A31B819E0400C511AF /* AppDelegate.m */ = {isa = PBXFileReference; lastKnownFileType = sourcecode.c.objc; path = AppDelegate.m; sourceTree = "<group>"; };
		3590F2AB1B819E0400C511AF /* Images.xcassets */ = {isa = PBXFileReference; lastKnownFileType = folder.assetcatalog; path = Images.xcassets; sourceTree = "<group>"; };
		3590F2AE1B819E0400C511AF /* Base */ = {isa = PBXFileReference; lastKnownFileType = file.xib; name = Base; path = Base.lproj/LaunchScreen.xib; sourceTree = "<group>"; };
		3590F2B41B819E0400C511AF /* IosStudy01Tests.xctest */ = {isa = PBXFileReference; explicitFileType = wrapper.cfbundle; includeInIndex = 0; path = IosStudy01Tests.xctest; sourceTree = BUILT_PRODUCTS_DIR; };
		3590F2B91B819E0400C511AF /* Info.plist */ = {isa = PBXFileReference; lastKnownFileType = text.plist.xml; path = Info.plist; sourceTree = "<group>"; };
		3590F2BA1B819E0400C511AF /* IosStudy01Tests.m */ = {isa = PBXFileReference; lastKnownFileType = sourcecode.c.objc; path = IosStudy01Tests.m; sourceTree = "<group>"; };
		35ACC5541FE24EF500470EAE /* ContactEntry.h */ = {isa = PBXFileReference; fileEncoding = 4; lastKnownFileType = sourcecode.c.h; path = ContactEntry.h; sourceTree = "<group>"; };
		35ACC5551FE24EF500470EAE /* ContactEntry.m */ = {isa = PBXFileReference; fileEncoding = 4; lastKnownFileType = sourcecode.c.objc; path = ContactEntry.m; sourceTree = "<group>"; };
		35ACC5561FE24EF500470EAE /* ContactViewController.h */ = {isa = PBXFileReference; fileEncoding = 4; lastKnownFileType = sourcecode.c.h; path = ContactViewController.h; sourceTree = "<group>"; };
		35ACC5571FE24EF500470EAE /* ContactViewController.m */ = {isa = PBXFileReference; fileEncoding = 4; lastKnownFileType = sourcecode.c.objc; path = ContactViewController.m; sourceTree = "<group>"; };
		35ACC5581FE24EF500470EAE /* LoginViewController.h */ = {isa = PBXFileReference; fileEncoding = 4; lastKnownFileType = sourcecode.c.h; path = LoginViewController.h; sourceTree = "<group>"; };
		35ACC5591FE24EF500470EAE /* LoginViewController.m */ = {isa = PBXFileReference; fileEncoding = 4; lastKnownFileType = sourcecode.c.objc; path = LoginViewController.m; sourceTree = "<group>"; };
		35ACC55A1FE24EF500470EAE /* MyTabBarController.h */ = {isa = PBXFileReference; fileEncoding = 4; lastKnownFileType = sourcecode.c.h; path = MyTabBarController.h; sourceTree = "<group>"; };
		35ACC55B1FE24EF500470EAE /* MyTabBarController.m */ = {isa = PBXFileReference; fileEncoding = 4; lastKnownFileType = sourcecode.c.objc; path = MyTabBarController.m; sourceTree = "<group>"; };
		35ACC55C1FE24EF500470EAE /* ContactTableViewCell.h */ = {isa = PBXFileReference; fileEncoding = 4; lastKnownFileType = sourcecode.c.h; path = ContactTableViewCell.h; sourceTree = "<group>"; };
		35ACC55D1FE24EF500470EAE /* ContactTableViewCell.m */ = {isa = PBXFileReference; fileEncoding = 4; lastKnownFileType = sourcecode.c.objc; path = ContactTableViewCell.m; sourceTree = "<group>"; };
		35ACC5671FE24F1000470EAE /* tab_message@2x.png */ = {isa = PBXFileReference; lastKnownFileType = image.png; path = "tab_message@2x.png"; sourceTree = "<group>"; };
		35ACC5681FE24F1000470EAE /* tab_message@3x.png */ = {isa = PBXFileReference; lastKnownFileType = image.png; path = "tab_message@3x.png"; sourceTree = "<group>"; };
		35ACC5691FE24F1000470EAE /* tab_message_hl_teacher@2x.png */ = {isa = PBXFileReference; lastKnownFileType = image.png; path = "tab_message_hl_teacher@2x.png"; sourceTree = "<group>"; };
		35ACC56A1FE24F1000470EAE /* tab_message_hl_teacher@3x.png */ = {isa = PBXFileReference; lastKnownFileType = image.png; path = "tab_message_hl_teacher@3x.png"; sourceTree = "<group>"; };
		35ACC56B1FE24F1000470EAE /* title_btn_confirm_normal.png */ = {isa = PBXFileReference; lastKnownFileType = image.png; path = title_btn_confirm_normal.png; sourceTree = "<group>"; };
		35ACC56C1FE24F1000470EAE /* title_btn_confirm_pressed.png */ = {isa = PBXFileReference; lastKnownFileType = image.png; path = title_btn_confirm_pressed.png; sourceTree = "<group>"; };
		35ACC56D1FE24F1000470EAE /* title_btn_confirm_pressed@3x.png */ = {isa = PBXFileReference; lastKnownFileType = image.png; path = "title_btn_confirm_pressed@3x.png"; sourceTree = "<group>"; };
		35ACC5761FE24F1F00470EAE /* Masonry.framework */ = {isa = PBXFileReference; lastKnownFileType = wrapper.framework; path = Masonry.framework; sourceTree = "<group>"; };
		35ACC5781FE24F6E00470EAE /* avatar_default_big.jpg */ = {isa = PBXFileReference; lastKnownFileType = image.jpeg; path = avatar_default_big.jpg; sourceTree = "<group>"; };
		35ACC57A1FE2507700470EAE /* zh-Hans */ = {isa = PBXFileReference; lastKnownFileType = text.plist.strings; name = "zh-Hans"; path = "zh-Hans.lproj/LaunchScreen.strings"; sourceTree = "<group>"; };
		35ACC57B1FE2551500470EAE /* UIImage+MISColor.h */ = {isa = PBXFileReference; fileEncoding = 4; lastKnownFileType = sourcecode.c.h; path = "UIImage+MISColor.h"; sourceTree = "<group>"; };
		35ACC57C1FE2551500470EAE /* UIImage+MISColor.m */ = {isa = PBXFileReference; fileEncoding = 4; lastKnownFileType = sourcecode.c.objc; path = "UIImage+MISColor.m"; sourceTree = "<group>"; };
		35B37D581FE8D6860031ADCA /* MISTableViewCell.h */ = {isa = PBXFileReference; fileEncoding = 4; lastKnownFileType = sourcecode.c.h; path = MISTableViewCell.h; sourceTree = "<group>"; };
		35B37D591FE8D6860031ADCA /* MISTableViewCell.m */ = {isa = PBXFileReference; fileEncoding = 4; lastKnownFileType = sourcecode.c.objc; path = MISTableViewCell.m; sourceTree = "<group>"; };
		35B37D5B1FE8DD2E0031ADCA /* MISAppConfig.h */ = {isa = PBXFileReference; fileEncoding = 4; lastKnownFileType = sourcecode.c.h; path = MISAppConfig.h; sourceTree = "<group>"; };
		35B940F220B01D3C00A9A81F /* CustomView.h */ = {isa = PBXFileReference; fileEncoding = 4; lastKnownFileType = sourcecode.c.h; path = CustomView.h; sourceTree = "<group>"; };
		35B940F320B01D3C00A9A81F /* CustomView.m */ = {isa = PBXFileReference; fileEncoding = 4; lastKnownFileType = sourcecode.c.objc; path = CustomView.m; sourceTree = "<group>"; };
		35B940F520B01D6200A9A81F /* DrawerViewController.m */ = {isa = PBXFileReference; fileEncoding = 4; lastKnownFileType = sourcecode.c.objc; path = DrawerViewController.m; sourceTree = "<group>"; };
		35B940F620B01D6200A9A81F /* DrawerViewController.h */ = {isa = PBXFileReference; fileEncoding = 4; lastKnownFileType = sourcecode.c.h; path = DrawerViewController.h; sourceTree = "<group>"; };
		35BB7F572093FFAD00C1070F /* ThreadController.h */ = {isa = PBXFileReference; lastKnownFileType = sourcecode.c.h; path = ThreadController.h; sourceTree = "<group>"; };
		35BB7F582093FFAD00C1070F /* ThreadController.m */ = {isa = PBXFileReference; lastKnownFileType = sourcecode.c.objc; path = ThreadController.m; sourceTree = "<group>"; };
/* End PBXFileReference section */

/* Begin PBXFrameworksBuildPhase section */
		3590F2981B819E0400C511AF /* Frameworks */ = {
			isa = PBXFrameworksBuildPhase;
			buildActionMask = 2147483647;
			files = (
				358AA38E20B42D16001E23A0 /* libsqlite3.tbd in Frameworks */,
				35ACC5771FE24F1F00470EAE /* Masonry.framework in Frameworks */,
			);
			runOnlyForDeploymentPostprocessing = 0;
		};
		3590F2B11B819E0400C511AF /* Frameworks */ = {
			isa = PBXFrameworksBuildPhase;
			buildActionMask = 2147483647;
			files = (
			);
			runOnlyForDeploymentPostprocessing = 0;
		};
/* End PBXFrameworksBuildPhase section */

/* Begin PBXGroup section */
		356B0FE320162350009C54D3 /* Cells */ = {
			isa = PBXGroup;
			children = (
				350B01452006490D00F93EAF /* ConfigTableViewCell.h */,
				350B01462006490D00F93EAF /* ConfigTableViewCell.m */,
				3537C65C1FE6B31200F377B4 /* TopicTableViewCell.h */,
				3537C65D1FE6B31200F377B4 /* TopicTableViewCell.m */,
				35ACC55C1FE24EF500470EAE /* ContactTableViewCell.h */,
				35ACC55D1FE24EF500470EAE /* ContactTableViewCell.m */,
				35B37D581FE8D6860031ADCA /* MISTableViewCell.h */,
				35B37D591FE8D6860031ADCA /* MISTableViewCell.m */,
				356B0FEA201A0E52009C54D3 /* MessageTableViewCell.h */,
				356B0FEB201A0E52009C54D3 /* MessageTableViewCell.m */,
			);
			path = Cells;
			sourceTree = "<group>";
		};
		356B0FE4201623BE009C54D3 /* Entries */ = {
			isa = PBXGroup;
			children = (
				350B014820064BC500F93EAF /* ConfigEntry.h */,
				350B014920064BC500F93EAF /* ConfigEntry.m */,
				3537C65F1FE7F25700F377B4 /* TopicEntry.h */,
				3537C6601FE7F25700F377B4 /* TopicEntry.m */,
				35ACC5541FE24EF500470EAE /* ContactEntry.h */,
				35ACC5551FE24EF500470EAE /* ContactEntry.m */,
				356B0FE72016261A009C54D3 /* MessageEntry.h */,
				356B0FE82016261A009C54D3 /* MessageEntry.m */,
			);
			path = Entries;
			sourceTree = "<group>";
		};
		356B0FE5201623EC009C54D3 /* Utils */ = {
			isa = PBXGroup;
			children = (
				35ACC57B1FE2551500470EAE /* UIImage+MISColor.h */,
				35ACC57C1FE2551500470EAE /* UIImage+MISColor.m */,
			);
			path = Utils;
			sourceTree = "<group>";
		};
		356B0FE620162420009C54D3 /* Pages */ = {
			isa = PBXGroup;
			children = (
				35B940F620B01D6200A9A81F /* DrawerViewController.h */,
				35B940F520B01D6200A9A81F /* DrawerViewController.m */,
				35BB7F572093FFAD00C1070F /* ThreadController.h */,
				35BB7F582093FFAD00C1070F /* ThreadController.m */,
				35ACC5561FE24EF500470EAE /* ContactViewController.h */,
				35ACC5571FE24EF500470EAE /* ContactViewController.m */,
				35ACC5581FE24EF500470EAE /* LoginViewController.h */,
				35ACC5591FE24EF500470EAE /* LoginViewController.m */,
				35ACC55A1FE24EF500470EAE /* MyTabBarController.h */,
				35ACC55B1FE24EF500470EAE /* MyTabBarController.m */,
				3537C6591FE6AC4900F377B4 /* TopicListViewController.h */,
				3537C65A1FE6AC4900F377B4 /* TopicListViewController.m */,
				350B0142200646FB00F93EAF /* ConfigViewController.h */,
				350B0143200646FB00F93EAF /* ConfigViewController.m */,
				356B1007201A1689009C54D3 /* MessageViewController.h */,
				356B1008201A1689009C54D3 /* MessageViewController.m */,
			);
			path = Pages;
			sourceTree = "<group>";
		};
		358AA38C20B42D15001E23A0 /* Frameworks */ = {
			isa = PBXGroup;
			children = (
				358AA38D20B42D16001E23A0 /* libsqlite3.tbd */,
			);
			name = Frameworks;
			sourceTree = "<group>";
		};
		358AA38F20B42DC4001E23A0 /* fmdb */ = {
			isa = PBXGroup;
			children = (
				358AA39020B42DC4001E23A0 /* FMDatabase.h */,
				358AA39120B42DC4001E23A0 /* FMDatabase.m */,
				358AA39220B42DC4001E23A0 /* FMDatabaseAdditions.h */,
				358AA39320B42DC4001E23A0 /* FMDatabaseAdditions.m */,
				358AA39420B42DC4001E23A0 /* FMDatabasePool.h */,
				358AA39520B42DC4001E23A0 /* FMDatabasePool.m */,
				358AA39620B42DC4001E23A0 /* FMDatabaseQueue.h */,
				358AA39720B42DC4001E23A0 /* FMDatabaseQueue.m */,
				358AA39820B42DC4001E23A0 /* FMDB.h */,
				358AA39920B42DC4001E23A0 /* FMResultSet.h */,
				358AA39A20B42DC4001E23A0 /* FMResultSet.m */,
				358AA39B20B42DC4001E23A0 /* Info.plist */,
			);
			path = fmdb;
			sourceTree = "<group>";
		};
		3590F2921B819E0400C511AF = {
			isa = PBXGroup;
			children = (
				3590F29D1B819E0400C511AF /* IosStudy01 */,
				3590F2B71B819E0400C511AF /* IosStudy01Tests */,
				3590F29C1B819E0400C511AF /* Products */,
				358AA38C20B42D15001E23A0 /* Frameworks */,
			);
			sourceTree = "<group>";
		};
		3590F29C1B819E0400C511AF /* Products */ = {
			isa = PBXGroup;
			children = (
				3590F29B1B819E0400C511AF /* IosStudy01.app */,
				3590F2B41B819E0400C511AF /* IosStudy01Tests.xctest */,
			);
			name = Products;
			sourceTree = "<group>";
		};
		3590F29D1B819E0400C511AF /* IosStudy01 */ = {
			isa = PBXGroup;
			children = (
				358AA38F20B42DC4001E23A0 /* fmdb */,
				35ACC5751FE24F1F00470EAE /* Frameworks */,
				35ACC5661FE24F1000470EAE /* resource */,
				35ACC5531FE24EF500470EAE /* Controllers */,
				3590F2A21B819E0400C511AF /* AppDelegate.h */,
				3590F2A31B819E0400C511AF /* AppDelegate.m */,
				3590F2AB1B819E0400C511AF /* Images.xcassets */,
				3590F2AD1B819E0400C511AF /* LaunchScreen.xib */,
				3590F29E1B819E0400C511AF /* Supporting Files */,
				356C8BC91F2CC0CB00F11435 /* Toolkit.h */,
				356C8BCA1F2CC0CB00F11435 /* Toolkit.m */,
			);
			path = IosStudy01;
			sourceTree = "<group>";
		};
		3590F29E1B819E0400C511AF /* Supporting Files */ = {
			isa = PBXGroup;
			children = (
				3590F29F1B819E0400C511AF /* Info.plist */,
				3590F2A01B819E0400C511AF /* main.m */,
			);
			name = "Supporting Files";
			sourceTree = "<group>";
		};
		3590F2B71B819E0400C511AF /* IosStudy01Tests */ = {
			isa = PBXGroup;
			children = (
				3590F2BA1B819E0400C511AF /* IosStudy01Tests.m */,
				3590F2B81B819E0400C511AF /* Supporting Files */,
			);
			path = IosStudy01Tests;
			sourceTree = "<group>";
		};
		3590F2B81B819E0400C511AF /* Supporting Files */ = {
			isa = PBXGroup;
			children = (
				3590F2B91B819E0400C511AF /* Info.plist */,
			);
			name = "Supporting Files";
			sourceTree = "<group>";
		};
		35ACC5531FE24EF500470EAE /* Controllers */ = {
			isa = PBXGroup;
			children = (
				35B940F120B01CF900A9A81F /* Views */,
				356B0FE320162350009C54D3 /* Cells */,
				356B0FE4201623BE009C54D3 /* Entries */,
				356B0FE620162420009C54D3 /* Pages */,
				356B0FE5201623EC009C54D3 /* Utils */,
				35B37D5B1FE8DD2E0031ADCA /* MISAppConfig.h */,
			);
			path = Controllers;
			sourceTree = "<group>";
		};
		35ACC5661FE24F1000470EAE /* resource */ = {
			isa = PBXGroup;
			children = (
				356B1003201A15B4009C54D3 /* Avatar_default_medium@2x.png */,
				356B1001201A15B3009C54D3 /* Avatar_default_small@2x.png */,
				356B1002201A15B3009C54D3 /* Avatar_group_small@2x.png */,
				356B0FF6201A11DA009C54D3 /* MessageBubbleInBg@2x.png */,
				356B0FED201A11D9009C54D3 /* MessageBubbleInBgHL@2x.png */,
				356B0FF4201A11DA009C54D3 /* MessageBubbleOutBg@2x.png */,
				356B0FEF201A11DA009C54D3 /* MessageBubbleOutBgHL@2x.png */,
				356B0FF5201A11DA009C54D3 /* MessageVoiceInPlayFrame01.png */,
				356B0FF2201A11DA009C54D3 /* MessageVoiceInPlayFrame02.png */,
				356B0FF0201A11DA009C54D3 /* MessageVoiceInPlayFrame03.png */,
				356B0FF1201A11DA009C54D3 /* MessageVoiceOutPlayFrame01.png */,
				356B0FF3201A11DA009C54D3 /* MessageVoiceOutPlayFrame02.png */,
				356B0FEE201A11D9009C54D3 /* MessageVoiceOutPlayFrame03.png */,
				356B0FDC200CEA79009C54D3 /* my_credits_bg.png */,
				356B0FD9200CEA79009C54D3 /* my_favorite_bg.png */,
				356B0FDA200CEA79009C54D3 /* my_page_btn_bg.png */,
				356B0FDB200CEA79009C54D3 /* my_setting_bg.png */,
				356B0FDD200CEA79009C54D3 /* school_forum_icon.png */,
				35ACC5781FE24F6E00470EAE /* avatar_default_big.jpg */,
				35ACC5671FE24F1000470EAE /* tab_message@2x.png */,
				35ACC5681FE24F1000470EAE /* tab_message@3x.png */,
				35ACC5691FE24F1000470EAE /* tab_message_hl_teacher@2x.png */,
				35ACC56A1FE24F1000470EAE /* tab_message_hl_teacher@3x.png */,
				35ACC56B1FE24F1000470EAE /* title_btn_confirm_normal.png */,
				35ACC56C1FE24F1000470EAE /* title_btn_confirm_pressed.png */,
				35ACC56D1FE24F1000470EAE /* title_btn_confirm_pressed@3x.png */,
			);
			path = resource;
			sourceTree = "<group>";
		};
		35ACC5751FE24F1F00470EAE /* Frameworks */ = {
			isa = PBXGroup;
			children = (
				35ACC5761FE24F1F00470EAE /* Masonry.framework */,
			);
			path = Frameworks;
			sourceTree = "<group>";
		};
		35B940F120B01CF900A9A81F /* Views */ = {
			isa = PBXGroup;
			children = (
				35B940F220B01D3C00A9A81F /* CustomView.h */,
				35B940F320B01D3C00A9A81F /* CustomView.m */,
			);
			path = Views;
			sourceTree = "<group>";
		};
/* End PBXGroup section */

/* Begin PBXNativeTarget section */
		3590F29A1B819E0400C511AF /* IosStudy01 */ = {
			isa = PBXNativeTarget;
			buildConfigurationList = 3590F2BE1B819E0400C511AF /* Build configuration list for PBXNativeTarget "IosStudy01" */;
			buildPhases = (
				3590F2971B819E0400C511AF /* Sources */,
				3590F2981B819E0400C511AF /* Frameworks */,
				3590F2991B819E0400C511AF /* Resources */,
			);
			buildRules = (
			);
			dependencies = (
			);
			name = IosStudy01;
			productName = IosStudy01;
			productReference = 3590F29B1B819E0400C511AF /* IosStudy01.app */;
			productType = "com.apple.product-type.application";
		};
		3590F2B31B819E0400C511AF /* IosStudy01Tests */ = {
			isa = PBXNativeTarget;
			buildConfigurationList = 3590F2C11B819E0400C511AF /* Build configuration list for PBXNativeTarget "IosStudy01Tests" */;
			buildPhases = (
				3590F2B01B819E0400C511AF /* Sources */,
				3590F2B11B819E0400C511AF /* Frameworks */,
				3590F2B21B819E0400C511AF /* Resources */,
			);
			buildRules = (
			);
			dependencies = (
				3590F2B61B819E0400C511AF /* PBXTargetDependency */,
			);
			name = IosStudy01Tests;
			productName = IosStudy01Tests;
			productReference = 3590F2B41B819E0400C511AF /* IosStudy01Tests.xctest */;
			productType = "com.apple.product-type.bundle.unit-test";
		};
/* End PBXNativeTarget section */

/* Begin PBXProject section */
		3590F2931B819E0400C511AF /* Project object */ = {
			isa = PBXProject;
			attributes = {
				LastUpgradeCheck = 0910;
				ORGANIZATIONNAME = ding;
				TargetAttributes = {
					3590F29A1B819E0400C511AF = {
						CreatedOnToolsVersion = 6.4;
						DevelopmentTeam = FJ5FELV34L;
						ProvisioningStyle = Manual;
					};
					3590F2B31B819E0400C511AF = {
						CreatedOnToolsVersion = 6.4;
						TestTargetID = 3590F29A1B819E0400C511AF;
					};
				};
			};
			buildConfigurationList = 3590F2961B819E0400C511AF /* Build configuration list for PBXProject "IosStudy01" */;
			compatibilityVersion = "Xcode 3.2";
			developmentRegion = English;
			hasScannedForEncodings = 0;
			knownRegions = (
				en,
				Base,
			);
			mainGroup = 3590F2921B819E0400C511AF;
			productRefGroup = 3590F29C1B819E0400C511AF /* Products */;
			projectDirPath = "";
			projectRoot = "";
			targets = (
				3590F29A1B819E0400C511AF /* IosStudy01 */,
				3590F2B31B819E0400C511AF /* IosStudy01Tests */,
			);
		};
/* End PBXProject section */

/* Begin PBXResourcesBuildPhase section */
		3590F2991B819E0400C511AF /* Resources */ = {
			isa = PBXResourcesBuildPhase;
			buildActionMask = 2147483647;
			files = (
				3590F2AF1B819E0400C511AF /* LaunchScreen.xib in Resources */,
				356B0FFD201A11DA009C54D3 /* MessageVoiceOutPlayFrame02.png in Resources */,
				35ACC5791FE24F6F00470EAE /* avatar_default_big.jpg in Resources */,
				356B0FDF200CEA79009C54D3 /* my_page_btn_bg.png in Resources */,
				356B0FFF201A11DA009C54D3 /* MessageVoiceInPlayFrame01.png in Resources */,
				356B1004201A15B4009C54D3 /* Avatar_default_small@2x.png in Resources */,
				356B0FE2200CEA79009C54D3 /* school_forum_icon.png in Resources */,
				356B0FFC201A11DA009C54D3 /* MessageVoiceInPlayFrame02.png in Resources */,
				35ACC5721FE24F1000470EAE /* title_btn_confirm_normal.png in Resources */,
				35ACC56F1FE24F1000470EAE /* tab_message@3x.png in Resources */,
				35ACC5731FE24F1000470EAE /* title_btn_confirm_pressed.png in Resources */,
				3590F2AC1B819E0400C511AF /* Images.xcassets in Resources */,
				356B0FFE201A11DA009C54D3 /* MessageBubbleOutBg@2x.png in Resources */,
				35ACC5701FE24F1000470EAE /* tab_message_hl_teacher@2x.png in Resources */,
				356B1000201A11DA009C54D3 /* MessageBubbleInBg@2x.png in Resources */,
				35ACC5711FE24F1000470EAE /* tab_message_hl_teacher@3x.png in Resources */,
				358AA3A120B42DC5001E23A0 /* Info.plist in Resources */,
				356B0FFB201A11DA009C54D3 /* MessageVoiceOutPlayFrame01.png in Resources */,
				356B0FE1200CEA79009C54D3 /* my_credits_bg.png in Resources */,
				356B0FDE200CEA79009C54D3 /* my_favorite_bg.png in Resources */,
				356B0FF9201A11DA009C54D3 /* MessageBubbleOutBgHL@2x.png in Resources */,
				356B1006201A15B4009C54D3 /* Avatar_default_medium@2x.png in Resources */,
				356B1005201A15B4009C54D3 /* Avatar_group_small@2x.png in Resources */,
				356B0FF7201A11DA009C54D3 /* MessageBubbleInBgHL@2x.png in Resources */,
				356B0FFA201A11DA009C54D3 /* MessageVoiceInPlayFrame03.png in Resources */,
				356B0FE0200CEA79009C54D3 /* my_setting_bg.png in Resources */,
				356B0FF8201A11DA009C54D3 /* MessageVoiceOutPlayFrame03.png in Resources */,
				35ACC56E1FE24F1000470EAE /* tab_message@2x.png in Resources */,
				35ACC5741FE24F1000470EAE /* title_btn_confirm_pressed@3x.png in Resources */,
			);
			runOnlyForDeploymentPostprocessing = 0;
		};
		3590F2B21B819E0400C511AF /* Resources */ = {
			isa = PBXResourcesBuildPhase;
			buildActionMask = 2147483647;
			files = (
			);
			runOnlyForDeploymentPostprocessing = 0;
		};
/* End PBXResourcesBuildPhase section */

/* Begin PBXSourcesBuildPhase section */
		3590F2971B819E0400C511AF /* Sources */ = {
			isa = PBXSourcesBuildPhase;
			buildActionMask = 2147483647;
			files = (
				356C8BCB1F2CC0CB00F11435 /* Toolkit.m in Sources */,
				3590F2A41B819E0400C511AF /* AppDelegate.m in Sources */,
				35ACC5621FE24EF500470EAE /* LoginViewController.m in Sources */,
				3590F2A11B819E0400C511AF /* main.m in Sources */,
				3537C65E1FE6B31200F377B4 /* TopicTableViewCell.m in Sources */,
				35ACC5611FE24EF500470EAE /* ContactViewController.m in Sources */,
				350B0144200646FB00F93EAF /* ConfigViewController.m in Sources */,
				3537C65B1FE6AC4900F377B4 /* TopicListViewController.m in Sources */,
				358AA39C20B42DC5001E23A0 /* FMDatabase.m in Sources */,
				350B01472006490D00F93EAF /* ConfigTableViewCell.m in Sources */,
				35BB7F592093FFAD00C1070F /* ThreadController.m in Sources */,
				35ACC5641FE24EF500470EAE /* ContactTableViewCell.m in Sources */,
				358AA39E20B42DC5001E23A0 /* FMDatabasePool.m in Sources */,
				35B940F420B01D3C00A9A81F /* CustomView.m in Sources */,
				356B1009201A1689009C54D3 /* MessageViewController.m in Sources */,
				358AA3A020B42DC5001E23A0 /* FMResultSet.m in Sources */,
				35ACC5631FE24EF500470EAE /* MyTabBarController.m in Sources */,
				356B0FEC201A0E52009C54D3 /* MessageTableViewCell.m in Sources */,
				358AA39F20B42DC5001E23A0 /* FMDatabaseQueue.m in Sources */,
				35B940F720B01D6200A9A81F /* DrawerViewController.m in Sources */,
				3537C6611FE7F25700F377B4 /* TopicEntry.m in Sources */,
				350B014A20064BC500F93EAF /* ConfigEntry.m in Sources */,
				35ACC5601FE24EF500470EAE /* ContactEntry.m in Sources */,
				35ACC57D1FE2551500470EAE /* UIImage+MISColor.m in Sources */,
				356B0FE92016261A009C54D3 /* MessageEntry.m in Sources */,
				35B37D5A1FE8D6860031ADCA /* MISTableViewCell.m in Sources */,
				358AA39D20B42DC5001E23A0 /* FMDatabaseAdditions.m in Sources */,
			);
			runOnlyForDeploymentPostprocessing = 0;
		};
		3590F2B01B819E0400C511AF /* Sources */ = {
			isa = PBXSourcesBuildPhase;
			buildActionMask = 2147483647;
			files = (
				3590F2BB1B819E0400C511AF /* IosStudy01Tests.m in Sources */,
			);
			runOnlyForDeploymentPostprocessing = 0;
		};
/* End PBXSourcesBuildPhase section */

/* Begin PBXTargetDependency section */
		3590F2B61B819E0400C511AF /* PBXTargetDependency */ = {
			isa = PBXTargetDependency;
			target = 3590F29A1B819E0400C511AF /* IosStudy01 */;
			targetProxy = 3590F2B51B819E0400C511AF /* PBXContainerItemProxy */;
		};
/* End PBXTargetDependency section */

/* Begin PBXVariantGroup section */
		3590F2AD1B819E0400C511AF /* LaunchScreen.xib */ = {
			isa = PBXVariantGroup;
			children = (
				3590F2AE1B819E0400C511AF /* Base */,
				35ACC57A1FE2507700470EAE /* zh-Hans */,
			);
			name = LaunchScreen.xib;
			sourceTree = "<group>";
		};
/* End PBXVariantGroup section */

/* Begin XCBuildConfiguration section */
		3590F2BC1B819E0400C511AF /* Debug */ = {
			isa = XCBuildConfiguration;
			buildSettings = {
				ALWAYS_SEARCH_USER_PATHS = NO;
				CLANG_ANALYZER_LOCALIZABILITY_NONLOCALIZED = YES;
				CLANG_CXX_LANGUAGE_STANDARD = "gnu++0x";
				CLANG_CXX_LIBRARY = "libc++";
				CLANG_ENABLE_MODULES = YES;
				CLANG_ENABLE_OBJC_ARC = YES;
				CLANG_WARN_BLOCK_CAPTURE_AUTORELEASING = YES;
				CLANG_WARN_BOOL_CONVERSION = YES;
				CLANG_WARN_COMMA = YES;
				CLANG_WARN_CONSTANT_CONVERSION = YES;
				CLANG_WARN_DIRECT_OBJC_ISA_USAGE = YES_ERROR;
				CLANG_WARN_EMPTY_BODY = YES;
				CLANG_WARN_ENUM_CONVERSION = YES;
				CLANG_WARN_INFINITE_RECURSION = YES;
				CLANG_WARN_INT_CONVERSION = YES;
				CLANG_WARN_NON_LITERAL_NULL_CONVERSION = YES;
				CLANG_WARN_OBJC_LITERAL_CONVERSION = YES;
				CLANG_WARN_OBJC_ROOT_CLASS = YES_ERROR;
				CLANG_WARN_RANGE_LOOP_ANALYSIS = YES;
				CLANG_WARN_STRICT_PROTOTYPES = YES;
				CLANG_WARN_SUSPICIOUS_MOVE = YES;
				CLANG_WARN_UNREACHABLE_CODE = YES;
				CLANG_WARN__DUPLICATE_METHOD_MATCH = YES;
				"CODE_SIGN_IDENTITY[sdk=iphoneos*]" = "iPhone Developer";
				COPY_PHASE_STRIP = NO;
				DEBUG_INFORMATION_FORMAT = "dwarf-with-dsym";
				ENABLE_STRICT_OBJC_MSGSEND = YES;
				ENABLE_TESTABILITY = YES;
				GCC_C_LANGUAGE_STANDARD = gnu99;
				GCC_DYNAMIC_NO_PIC = NO;
				GCC_NO_COMMON_BLOCKS = YES;
				GCC_OPTIMIZATION_LEVEL = 0;
				GCC_PREPROCESSOR_DEFINITIONS = (
					"DEBUG=1",
					"$(inherited)",
				);
				GCC_SYMBOLS_PRIVATE_EXTERN = NO;
				GCC_WARN_64_TO_32_BIT_CONVERSION = YES;
				GCC_WARN_ABOUT_RETURN_TYPE = YES_ERROR;
				GCC_WARN_UNDECLARED_SELECTOR = YES;
				GCC_WARN_UNINITIALIZED_AUTOS = YES_AGGRESSIVE;
				GCC_WARN_UNUSED_FUNCTION = YES;
				GCC_WARN_UNUSED_VARIABLE = YES;
				IPHONEOS_DEPLOYMENT_TARGET = 8.4;
				MTL_ENABLE_DEBUG_INFO = YES;
				ONLY_ACTIVE_ARCH = YES;
				SDKROOT = iphoneos;
				TARGETED_DEVICE_FAMILY = "1,2";
			};
			name = Debug;
		};
		3590F2BD1B819E0400C511AF /* Release */ = {
			isa = XCBuildConfiguration;
			buildSettings = {
				ALWAYS_SEARCH_USER_PATHS = NO;
				CLANG_ANALYZER_LOCALIZABILITY_NONLOCALIZED = YES;
				CLANG_CXX_LANGUAGE_STANDARD = "gnu++0x";
				CLANG_CXX_LIBRARY = "libc++";
				CLANG_ENABLE_MODULES = YES;
				CLANG_ENABLE_OBJC_ARC = YES;
				CLANG_WARN_BLOCK_CAPTURE_AUTORELEASING = YES;
				CLANG_WARN_BOOL_CONVERSION = YES;
				CLANG_WARN_COMMA = YES;
				CLANG_WARN_CONSTANT_CONVERSION = YES;
				CLANG_WARN_DIRECT_OBJC_ISA_USAGE = YES_ERROR;
				CLANG_WARN_EMPTY_BODY = YES;
				CLANG_WARN_ENUM_CONVERSION = YES;
				CLANG_WARN_INFINITE_RECURSION = YES;
				CLANG_WARN_INT_CONVERSION = YES;
				CLANG_WARN_NON_LITERAL_NULL_CONVERSION = YES;
				CLANG_WARN_OBJC_LITERAL_CONVERSION = YES;
				CLANG_WARN_OBJC_ROOT_CLASS = YES_ERROR;
				CLANG_WARN_RANGE_LOOP_ANALYSIS = YES;
				CLANG_WARN_STRICT_PROTOTYPES = YES;
				CLANG_WARN_SUSPICIOUS_MOVE = YES;
				CLANG_WARN_UNREACHABLE_CODE = YES;
				CLANG_WARN__DUPLICATE_METHOD_MATCH = YES;
				"CODE_SIGN_IDENTITY[sdk=iphoneos*]" = "iPhone Developer";
				COPY_PHASE_STRIP = NO;
				DEBUG_INFORMATION_FORMAT = "dwarf-with-dsym";
				ENABLE_NS_ASSERTIONS = NO;
				ENABLE_STRICT_OBJC_MSGSEND = YES;
				GCC_C_LANGUAGE_STANDARD = gnu99;
				GCC_NO_COMMON_BLOCKS = YES;
				GCC_WARN_64_TO_32_BIT_CONVERSION = YES;
				GCC_WARN_ABOUT_RETURN_TYPE = YES_ERROR;
				GCC_WARN_UNDECLARED_SELECTOR = YES;
				GCC_WARN_UNINITIALIZED_AUTOS = YES_AGGRESSIVE;
				GCC_WARN_UNUSED_FUNCTION = YES;
				GCC_WARN_UNUSED_VARIABLE = YES;
				IPHONEOS_DEPLOYMENT_TARGET = 8.4;
				MTL_ENABLE_DEBUG_INFO = NO;
				SDKROOT = iphoneos;
				TARGETED_DEVICE_FAMILY = "1,2";
				VALIDATE_PRODUCT = YES;
			};
			name = Release;
		};
		3590F2BF1B819E0400C511AF /* Debug */ = {
			isa = XCBuildConfiguration;
			buildSettings = {
				ASSETCATALOG_COMPILER_APPICON_NAME = AppIcon;
				CODE_SIGN_IDENTITY = "iPhone Developer: Kebing Mao (VBN29H3VZJ)";
				CODE_SIGN_STYLE = Manual;
				DEVELOPMENT_TEAM = FJ5FELV34L;
				FRAMEWORK_SEARCH_PATHS = (
					"$(inherited)",
					"$(PROJECT_DIR)/IosStudy01",
					"$(PROJECT_DIR)/IosStudy01/Frameworks",
				);
				INFOPLIST_FILE = IosStudy01/Info.plist;
				IPHONEOS_DEPLOYMENT_TARGET = 8.0;
				LD_RUNPATH_SEARCH_PATHS = "$(inherited) @executable_path/Frameworks";
				PRODUCT_BUNDLE_IDENTIFIER = "com.dcc.$(PRODUCT_NAME:rfc1034identifier)";
				PRODUCT_NAME = "$(TARGET_NAME)";
				PROVISIONING_PROFILE = "8e979b44-8a03-4e61-a2f5-86738ffa52a3";
				PROVISIONING_PROFILE_SPECIFIER = XcodeWildcardDevelopment;
				TARGETED_DEVICE_FAMILY = 1;
			};
			name = Debug;
		};
		3590F2C01B819E0400C511AF /* Release */ = {
			isa = XCBuildConfiguration;
			buildSettings = {
				ASSETCATALOG_COMPILER_APPICON_NAME = AppIcon;
				CODE_SIGN_IDENTITY = "iPhone Developer: Kebing Mao (VBN29H3VZJ)";
				"CODE_SIGN_IDENTITY[sdk=iphoneos*]" = "iPhone Developer: Kebing Mao (VBN29H3VZJ)";
				CODE_SIGN_STYLE = Manual;
				DEVELOPMENT_TEAM = FJ5FELV34L;
				FRAMEWORK_SEARCH_PATHS = (
					"$(inherited)",
					"$(PROJECT_DIR)/IosStudy01",
					"$(PROJECT_DIR)/IosStudy01/Frameworks",
				);
				INFOPLIST_FILE = IosStudy01/Info.plist;
				IPHONEOS_DEPLOYMENT_TARGET = 8.0;
				LD_RUNPATH_SEARCH_PATHS = "$(inherited) @executable_path/Frameworks";
				PRODUCT_BUNDLE_IDENTIFIER = "com.dcc.$(PRODUCT_NAME:rfc1034identifier)";
				PRODUCT_NAME = "$(TARGET_NAME)";
				PROVISIONING_PROFILE = "8e979b44-8a03-4e61-a2f5-86738ffa52a3";
				PROVISIONING_PROFILE_SPECIFIER = XcodeWildcardDevelopment;
				TARGETED_DEVICE_FAMILY = 1;
			};
			name = Release;
		};
		3590F2C21B819E0400C511AF /* Debug */ = {
			isa = XCBuildConfiguration;
			buildSettings = {
				BUNDLE_LOADER = "$(TEST_HOST)";
				FRAMEWORK_SEARCH_PATHS = (
					"$(SDKROOT)/Developer/Library/Frameworks",
					"$(inherited)",
				);
				GCC_PREPROCESSOR_DEFINITIONS = (
					"DEBUG=1",
					"$(inherited)",
				);
				INFOPLIST_FILE = IosStudy01Tests/Info.plist;
				LD_RUNPATH_SEARCH_PATHS = "$(inherited) @executable_path/Frameworks @loader_path/Frameworks";
				PRODUCT_BUNDLE_IDENTIFIER = "com.dcc.$(PRODUCT_NAME:rfc1034identifier)";
				PRODUCT_NAME = "$(TARGET_NAME)";
				TEST_HOST = "$(BUILT_PRODUCTS_DIR)/IosStudy01.app/IosStudy01";
			};
			name = Debug;
		};
		3590F2C31B819E0400C511AF /* Release */ = {
			isa = XCBuildConfiguration;
			buildSettings = {
				BUNDLE_LOADER = "$(TEST_HOST)";
				FRAMEWORK_SEARCH_PATHS = (
					"$(SDKROOT)/Developer/Library/Frameworks",
					"$(inherited)",
				);
				INFOPLIST_FILE = IosStudy01Tests/Info.plist;
				LD_RUNPATH_SEARCH_PATHS = "$(inherited) @executable_path/Frameworks @loader_path/Frameworks";
				PRODUCT_BUNDLE_IDENTIFIER = "com.dcc.$(PRODUCT_NAME:rfc1034identifier)";
				PRODUCT_NAME = "$(TARGET_NAME)";
				TEST_HOST = "$(BUILT_PRODUCTS_DIR)/IosStudy01.app/IosStudy01";
			};
			name = Release;
		};
/* End XCBuildConfiguration section */

/* Begin XCConfigurationList section */
		3590F2961B819E0400C511AF /* Build configuration list for PBXProject "IosStudy01" */ = {
			isa = XCConfigurationList;
			buildConfigurations = (
				3590F2BC1B819E0400C511AF /* Debug */,
				3590F2BD1B819E0400C511AF /* Release */,
			);
			defaultConfigurationIsVisible = 0;
			defaultConfigurationName = Release;
		};
		3590F2BE1B819E0400C511AF /* Build configuration list for PBXNativeTarget "IosStudy01" */ = {
			isa = XCConfigurationList;
			buildConfigurations = (
				3590F2BF1B819E0400C511AF /* Debug */,
				3590F2C01B819E0400C511AF /* Release */,
			);
			defaultConfigurationIsVisible = 0;
			defaultConfigurationName = Release;
		};
		3590F2C11B819E0400C511AF /* Build configuration list for PBXNativeTarget "IosStudy01Tests" */ = {
			isa = XCConfigurationList;
			buildConfigurations = (
				3590F2C21B819E0400C511AF /* Debug */,
				3590F2C31B819E0400C511AF /* Release */,
			);
			defaultConfigurationIsVisible = 0;
			defaultConfigurationName = Release;
		};
/* End XCConfigurationList section */
	};
	rootObject = 3590F2931B819E0400C511AF /* Project object */;
}
